
Microsoft Visual Studio Solution File, Format Version 12.00
# Visual Studio 15
VisualStudioVersion = 15.0.27428.2015
MinimumVisualStudioVersion = 10.0.40219.1
Project("{FAE04EC0-301F-11D3-BF4B-00C04F79EFBC}") = "Assembly-CSharp", "Assembly-CSharp.csproj", "{263DE036-228F-A611-C0A2-828F80307DDB}"
EndProject
Project("{9A19103F-16F7-4668-BE54-9A1E7A4F7556}") = "Fri3dBotServer", "..\Fri3dBotServer\Fri3dBotServer.csproj", "{4EE66049-71F4-41EA-9E91-FD032F63BE50}"
EndProject
Global
	GlobalSection(SolutionConfigurationPlatforms) = preSolution
		Debug|Any CPU = Debug|Any CPU
		Release|Any CPU = Release|Any CPU
	EndGlobalSection
	GlobalSection(ProjectConfigurationPlatforms) = postSolution
		{263DE036-228F-A611-C0A2-828F80307DDB}.Debug|Any CPU.ActiveCfg = Debug|Any CPU
		{263DE036-228F-A611-C0A2-828F80307DDB}.Debug|Any CPU.Build.0 = Debug|Any CPU
		{263DE036-228F-A611-C0A2-828F80307DDB}.Release|Any CPU.ActiveCfg = Release|Any CPU
		{263DE036-228F-A611-C0A2-828F80307DDB}.Release|Any CPU.Build.0 = Release|Any CPU
		{4EE66049-71F4-41EA-9E91-FD032F63BE50}.Debug|Any CPU.ActiveCfg = Debug|Any CPU
		{4EE66049-71F4-41EA-9E91-FD032F63BE50}.Debug|Any CPU.Build.0 = Debug|Any CPU
		{4EE66049-71F4-41EA-9E91-FD032F63BE50}.Release|Any CPU.ActiveCfg = Release|Any CPU
		{4EE66049-71F4-41EA-9E91-FD032F63BE50}.Release|Any CPU.Build.0 = Release|Any CPU
	EndGlobalSection
	GlobalSection(SolutionProperties) = preSolution
		HideSolutionNode = FALSE
	EndGlobalSection
	GlobalSection(ExtensibilityGlobals) = postSolution
		SolutionGuid = {CFE531C9-090F-4319-AB06-C1CC6CC7C48F}
	EndGlobalSection
	GlobalSection(MonoDevelopProperties) = preSolution
		StartupItem = Assembly-CSharp.csproj
	EndGlobalSection
EndGlobal
