
Microsoft Visual Studio Solution File, Format Version 11.00
# Visual Studio 2010
Project("{FAE04EC0-301F-11D3-BF4B-00C04F79EFBC}") = "fri3dbot", "Assembly-CSharp.csproj", "{263DE036-228F-A611-C0A2-828F80307DDB}"
EndProject
Project("{FAE04EC0-301F-11D3-BF4B-00C04F79EFBC}") = "Fri3dBotServer", "..\Fri3dBotServer\Fri3dBotServer.csproj", "{4EE66049-71F4-41EA-9E91-FD032F63BE50}"
EndProject
Global
	GlobalSection(SolutionConfigurationPlatforms) = preSolution
		Debug|Any CPU = Debug|Any CPU
		Release|Any CPU = Release|Any CPU
	EndGlobalSection
	GlobalSection(ProjectConfigurationPlatforms) = postSolution
		{46D20E32-ADBC-9488-A905-E7B32D6D5275}.Debug|Any CPU.ActiveCfg = Debug|Any CPU
		{46D20E32-ADBC-9488-A905-E7B32D6D5275}.Debug|Any CPU.Build.0 = Debug|Any CPU
		{46D20E32-ADBC-9488-A905-E7B32D6D5275}.Release|Any CPU.ActiveCfg = Release|Any CPU
		{46D20E32-ADBC-9488-A905-E7B32D6D5275}.Release|Any CPU.Build.0 = Release|Any CPU
		{4EE66049-71F4-41EA-9E91-FD032F63BE50}.Debug|Any CPU.ActiveCfg = Debug|Any CPU
		{4EE66049-71F4-41EA-9E91-FD032F63BE50}.Debug|Any CPU.Build.0 = Debug|Any CPU
		{4EE66049-71F4-41EA-9E91-FD032F63BE50}.Release|Any CPU.ActiveCfg = Release|Any CPU
		{4EE66049-71F4-41EA-9E91-FD032F63BE50}.Release|Any CPU.Build.0 = Release|Any CPU
	EndGlobalSection
	GlobalSection(SolutionProperties) = preSolution
		HideSolutionNode = FALSE
	EndGlobalSection
	GlobalSection(MonoDevelopProperties) = preSolution
		StartupItem = Assembly-CSharp.csproj
	EndGlobalSection
	GlobalSection(ExtensibilityGlobals) = postSolution
		SolutionGuid = {CFE531C9-090F-4319-AB06-C1CC6CC7C48F}
	EndGlobalSection
EndGlobal
